// !$*UTF8*$!
{
	archiveVersion = 1;
	classes = {
	};
	objectVersion = 46;
	objects = {

/* Begin PBXBuildFile section */
		5B2EDECB1D922CC400834128 /* AppDelegate.swift in Sources */ = {isa = PBXBuildFile; fileRef = 5B2EDECA1D922CC400834128 /* AppDelegate.swift */; };
		5B2EDECD1D922CC400834128 /* ViewController.swift in Sources */ = {isa = PBXBuildFile; fileRef = 5B2EDECC1D922CC400834128 /* ViewController.swift */; };
		5B2EDED01D922CC400834128 /* Main.storyboard in Resources */ = {isa = PBXBuildFile; fileRef = 5B2EDECE1D922CC400834128 /* Main.storyboard */; };
		5B2EDED31D922CC400834128 /* PowerTodo.xcdatamodeld in Sources */ = {isa = PBXBuildFile; fileRef = 5B2EDED11D922CC400834128 /* PowerTodo.xcdatamodeld */; };
		5B2EDED51D922CC400834128 /* Assets.xcassets in Resources */ = {isa = PBXBuildFile; fileRef = 5B2EDED41D922CC400834128 /* Assets.xcassets */; };
		5B2EDED81D922CC400834128 /* LaunchScreen.storyboard in Resources */ = {isa = PBXBuildFile; fileRef = 5B2EDED61D922CC400834128 /* LaunchScreen.storyboard */; };
		5B2EDEE31D922CC500834128 /* PowerTodoTests.swift in Sources */ = {isa = PBXBuildFile; fileRef = 5B2EDEE21D922CC500834128 /* PowerTodoTests.swift */; };
/* End PBXBuildFile section */

/* Begin PBXContainerItemProxy section */
		5B2EDEDF1D922CC500834128 /* PBXContainerItemProxy */ = {
			isa = PBXContainerItemProxy;
			containerPortal = 5B2EDEBF1D922CC400834128 /* Project object */;
			proxyType = 1;
			remoteGlobalIDString = 5B2EDEC61D922CC400834128;
			remoteInfo = PowerTodo;
		};
/* End PBXContainerItemProxy section */

/* Begin PBXFileReference section */
		5B2EDEC71D922CC400834128 /* PowerTodo.app */ = {isa = PBXFileReference; explicitFileType = wrapper.application; includeInIndex = 0; path = PowerTodo.app; sourceTree = BUILT_PRODUCTS_DIR; };
		5B2EDECA1D922CC400834128 /* AppDelegate.swift */ = {isa = PBXFileReference; lastKnownFileType = sourcecode.swift; path = AppDelegate.swift; sourceTree = "<group>"; };
		5B2EDECC1D922CC400834128 /* ViewController.swift */ = {isa = PBXFileReference; lastKnownFileType = sourcecode.swift; path = ViewController.swift; sourceTree = "<group>"; };
		5B2EDECF1D922CC400834128 /* Base */ = {isa = PBXFileReference; lastKnownFileType = file.storyboard; name = Base; path = Base.lproj/Main.storyboard; sourceTree = "<group>"; };
		5B2EDED21D922CC400834128 /* PowerTodo.xcdatamodel */ = {isa = PBXFileReference; lastKnownFileType = wrapper.xcdatamodel; path = PowerTodo.xcdatamodel; sourceTree = "<group>"; };
		5B2EDED41D922CC400834128 /* Assets.xcassets */ = {isa = PBXFileReference; lastKnownFileType = folder.assetcatalog; path = Assets.xcassets; sourceTree = "<group>"; };
		5B2EDED71D922CC400834128 /* Base */ = {isa = PBXFileReference; lastKnownFileType = file.storyboard; name = Base; path = Base.lproj/LaunchScreen.storyboard; sourceTree = "<group>"; };
		5B2EDED91D922CC400834128 /* Info.plist */ = {isa = PBXFileReference; lastKnownFileType = text.plist.xml; path = Info.plist; sourceTree = "<group>"; };
		5B2EDEDE1D922CC500834128 /* PowerTodoTests.xctest */ = {isa = PBXFileReference; explicitFileType = wrapper.cfbundle; includeInIndex = 0; path = PowerTodoTests.xctest; sourceTree = BUILT_PRODUCTS_DIR; };
		5B2EDEE21D922CC500834128 /* PowerTodoTests.swift */ = {isa = PBXFileReference; lastKnownFileType = sourcecode.swift; path = PowerTodoTests.swift; sourceTree = "<group>"; };
		5B2EDEE41D922CC500834128 /* Info.plist */ = {isa = PBXFileReference; lastKnownFileType = text.plist.xml; path = Info.plist; sourceTree = "<group>"; };
/* End PBXFileReference section */

/* Begin PBXFrameworksBuildPhase section */
		5B2EDEC41D922CC400834128 /* Frameworks */ = {
			isa = PBXFrameworksBuildPhase;
			buildActionMask = 2147483647;
			files = (
			);
			runOnlyForDeploymentPostprocessing = 0;
		};
		5B2EDEDB1D922CC500834128 /* Frameworks */ = {
			isa = PBXFrameworksBuildPhase;
			buildActionMask = 2147483647;
			files = (
			);
			runOnlyForDeploymentPostprocessing = 0;
		};
/* End PBXFrameworksBuildPhase section */

/* Begin PBXGroup section */
		5B2EDEBE1D922CC400834128 = {
			isa = PBXGroup;
			children = (
				5B2EDEC91D922CC400834128 /* PowerTodo */,
				5B2EDEE11D922CC500834128 /* PowerTodoTests */,
				5B2EDEC81D922CC400834128 /* Products */,
			);
			sourceTree = "<group>";
		};
		5B2EDEC81D922CC400834128 /* Products */ = {
			isa = PBXGroup;
			children = (
				5B2EDEC71D922CC400834128 /* PowerTodo.app */,
				5B2EDEDE1D922CC500834128 /* PowerTodoTests.xctest */,
			);
			name = Products;
			sourceTree = "<group>";
		};
		5B2EDEC91D922CC400834128 /* PowerTodo */ = {
			isa = PBXGroup;
			children = (
				5B2EDECA1D922CC400834128 /* AppDelegate.swift */,
				5B2EDECC1D922CC400834128 /* ViewController.swift */,
				5B2EDECE1D922CC400834128 /* Main.storyboard */,
				5B2EDED41D922CC400834128 /* Assets.xcassets */,
				5B2EDED61D922CC400834128 /* LaunchScreen.storyboard */,
				5B2EDED91D922CC400834128 /* Info.plist */,
				5B2EDED11D922CC400834128 /* PowerTodo.xcdatamodeld */,
			);
			path = PowerTodo;
			sourceTree = "<group>";
		};
		5B2EDEE11D922CC500834128 /* PowerTodoTests */ = {
			isa = PBXGroup;
			children = (
				5B2EDEE21D922CC500834128 /* PowerTodoTests.swift */,
				5B2EDEE41D922CC500834128 /* Info.plist */,
			);
			path = PowerTodoTests;
			sourceTree = "<group>";
		};
/* End PBXGroup section */

/* Begin PBXNativeTarget section */
		5B2EDEC61D922CC400834128 /* PowerTodo */ = {
			isa = PBXNativeTarget;
			buildConfigurationList = 5B2EDEE71D922CC500834128 /* Build configuration list for PBXNativeTarget "PowerTodo" */;
			buildPhases = (
				5B2EDEC31D922CC400834128 /* Sources */,
				5B2EDEC41D922CC400834128 /* Frameworks */,
				5B2EDEC51D922CC400834128 /* Resources */,
			);
			buildRules = (
			);
			dependencies = (
			);
			name = PowerTodo;
			productName = PowerTodo;
			productReference = 5B2EDEC71D922CC400834128 /* PowerTodo.app */;
			productType = "com.apple.product-type.application";
		};
		5B2EDEDD1D922CC500834128 /* PowerTodoTests */ = {
			isa = PBXNativeTarget;
			buildConfigurationList = 5B2EDEEA1D922CC500834128 /* Build configuration list for PBXNativeTarget "PowerTodoTests" */;
			buildPhases = (
				5B2EDEDA1D922CC500834128 /* Sources */,
				5B2EDEDB1D922CC500834128 /* Frameworks */,
				5B2EDEDC1D922CC500834128 /* Resources */,
			);
			buildRules = (
			);
			dependencies = (
				5B2EDEE01D922CC500834128 /* PBXTargetDependency */,
			);
			name = PowerTodoTests;
			productName = PowerTodoTests;
			productReference = 5B2EDEDE1D922CC500834128 /* PowerTodoTests.xctest */;
			productType = "com.apple.product-type.bundle.unit-test";
		};
/* End PBXNativeTarget section */

/* Begin PBXProject section */
		5B2EDEBF1D922CC400834128 /* Project object */ = {
			isa = PBXProject;
			attributes = {
				LastUpgradeCheck = 0700;
				ORGANIZATIONNAME = "SG Solutions";
				TargetAttributes = {
					5B2EDEC61D922CC400834128 = {
						CreatedOnToolsVersion = 7.0;
					};
					5B2EDEDD1D922CC500834128 = {
						CreatedOnToolsVersion = 7.0;
						TestTargetID = 5B2EDEC61D922CC400834128;
					};
				};
			};
			buildConfigurationList = 5B2EDEC21D922CC400834128 /* Build configuration list for PBXProject "PowerTodo" */;
			compatibilityVersion = "Xcode 3.2";
			developmentRegion = English;
			hasScannedForEncodings = 0;
			knownRegions = (
				en,
				Base,
			);
			mainGroup = 5B2EDEBE1D922CC400834128;
			productRefGroup = 5B2EDEC81D922CC400834128 /* Products */;
			projectDirPath = "";
			projectRoot = "";
			targets = (
				5B2EDEC61D922CC400834128 /* PowerTodo */,
				5B2EDEDD1D922CC500834128 /* PowerTodoTests */,
			);
		};
/* End PBXProject section */

/* Begin PBXResourcesBuildPhase section */
		5B2EDEC51D922CC400834128 /* Resources */ = {
			isa = PBXResourcesBuildPhase;
			buildActionMask = 2147483647;
			files = (
				5B2EDED81D922CC400834128 /* LaunchScreen.storyboard in Resources */,
				5B2EDED51D922CC400834128 /* Assets.xcassets in Resources */,
				5B2EDED01D922CC400834128 /* Main.storyboard in Resources */,
			);
			runOnlyForDeploymentPostprocessing = 0;
		};
		5B2EDEDC1D922CC500834128 /* Resources */ = {
			isa = PBXResourcesBuildPhase;
			buildActionMask = 2147483647;
			files = (
			);
			runOnlyForDeploymentPostprocessing = 0;
		};
/* End PBXResourcesBuildPhase section */

/* Begin PBXSourcesBuildPhase section */
		5B2EDEC31D922CC400834128 /* Sources */ = {
			isa = PBXSourcesBuildPhase;
			buildActionMask = 2147483647;
			files = (
				5B2EDECD1D922CC400834128 /* ViewController.swift in Sources */,
				5B2EDECB1D922CC400834128 /* AppDelegate.swift in Sources */,
				5B2EDED31D922CC400834128 /* PowerTodo.xcdatamodeld in Sources */,
			);
			runOnlyForDeploymentPostprocessing = 0;
		};
		5B2EDEDA1D922CC500834128 /* Sources */ = {
			isa = PBXSourcesBuildPhase;
			buildActionMask = 2147483647;
			files = (
				5B2EDEE31D922CC500834128 /* PowerTodoTests.swift in Sources */,
			);
			runOnlyForDeploymentPostprocessing = 0;
		};
/* End PBXSourcesBuildPhase section */

/* Begin PBXTargetDependency section */
		5B2EDEE01D922CC500834128 /* PBXTargetDependency */ = {
			isa = PBXTargetDependency;
			target = 5B2EDEC61D922CC400834128 /* PowerTodo */;
			targetProxy = 5B2EDEDF1D922CC500834128 /* PBXContainerItemProxy */;
		};
/* End PBXTargetDependency section */

/* Begin PBXVariantGroup section */
		5B2EDECE1D922CC400834128 /* Main.storyboard */ = {
			isa = PBXVariantGroup;
			children = (
				5B2EDECF1D922CC400834128 /* Base */,
			);
			name = Main.storyboard;
			sourceTree = "<group>";
		};
		5B2EDED61D922CC400834128 /* LaunchScreen.storyboard */ = {
			isa = PBXVariantGroup;
			children = (
				5B2EDED71D922CC400834128 /* Base */,
			);
			name = LaunchScreen.storyboard;
			sourceTree = "<group>";
		};
/* End PBXVariantGroup section */

/* Begin XCBuildConfiguration section */
		5B2EDEE51D922CC500834128 /* Debug */ = {
			isa = XCBuildConfiguration;
			buildSettings = {
				ALWAYS_SEARCH_USER_PATHS = NO;
				CLANG_CXX_LANGUAGE_STANDARD = "gnu++0x";
				CLANG_CXX_LIBRARY = "libc++";
				CLANG_ENABLE_MODULES = YES;
				CLANG_ENABLE_OBJC_ARC = YES;
				CLANG_WARN_BOOL_CONVERSION = YES;
				CLANG_WARN_CONSTANT_CONVERSION = YES;
				CLANG_WARN_DIRECT_OBJC_ISA_USAGE = YES_ERROR;
				CLANG_WARN_EMPTY_BODY = YES;
				CLANG_WARN_ENUM_CONVERSION = YES;
				CLANG_WARN_INT_CONVERSION = YES;
				CLANG_WARN_OBJC_ROOT_CLASS = YES_ERROR;
				CLANG_WARN_UNREACHABLE_CODE = YES;
				CLANG_WARN__DUPLICATE_METHOD_MATCH = YES;
				"CODE_SIGN_IDENTITY[sdk=iphoneos*]" = "iPhone Developer";
				COPY_PHASE_STRIP = NO;
				DEBUG_INFORMATION_FORMAT = dwarf;
				ENABLE_STRICT_OBJC_MSGSEND = YES;
				ENABLE_TESTABILITY = YES;
				GCC_C_LANGUAGE_STANDARD = gnu99;
				GCC_DYNAMIC_NO_PIC = NO;
				GCC_NO_COMMON_BLOCKS = YES;
				GCC_OPTIMIZATION_LEVEL = 0;
				GCC_PREPROCESSOR_DEFINITIONS = (
					"DEBUG=1",
					"$(inherited)",
				);
				GCC_WARN_64_TO_32_BIT_CONVERSION = YES;
				GCC_WARN_ABOUT_RETURN_TYPE = YES_ERROR;
				GCC_WARN_UNDECLARED_SELECTOR = YES;
				GCC_WARN_UNINITIALIZED_AUTOS = YES_AGGRESSIVE;
				GCC_WARN_UNUSED_FUNCTION = YES;
				GCC_WARN_UNUSED_VARIABLE = YES;
				IPHONEOS_DEPLOYMENT_TARGET = 9.0;
				MTL_ENABLE_DEBUG_INFO = YES;
				ONLY_ACTIVE_ARCH = YES;
				SDKROOT = iphoneos;
				SWIFT_OPTIMIZATION_LEVEL = "-Onone";
			};
			name = Debug;
		};
		5B2EDEE61D922CC500834128 /* Release */ = {
			isa = XCBuildConfiguration;
			buildSettings = {
				ALWAYS_SEARCH_USER_PATHS = NO;
				CLANG_CXX_LANGUAGE_STANDARD = "gnu++0x";
				CLANG_CXX_LIBRARY = "libc++";
				CLANG_ENABLE_MODULES = YES;
				CLANG_ENABLE_OBJC_ARC = YES;
				CLANG_WARN_BOOL_CONVERSION = YES;
				CLANG_WARN_CONSTANT_CONVERSION = YES;
				CLANG_WARN_DIRECT_OBJC_ISA_USAGE = YES_ERROR;
				CLANG_WARN_EMPTY_BODY = YES;
				CLANG_WARN_ENUM_CONVERSION = YES;
				CLANG_WARN_INT_CONVERSION = YES;
				CLANG_WARN_OBJC_ROOT_CLASS = YES_ERROR;
				CLANG_WARN_UNREACHABLE_CODE = YES;
				CLANG_WARN__DUPLICATE_METHOD_MATCH = YES;
				"CODE_SIGN_IDENTITY[sdk=iphoneos*]" = "iPhone Developer";
				COPY_PHASE_STRIP = NO;
				DEBUG_INFORMATION_FORMAT = "dwarf-with-dsym";
				ENABLE_NS_ASSERTIONS = NO;
				ENABLE_STRICT_OBJC_MSGSEND = YES;
				GCC_C_LANGUAGE_STANDARD = gnu99;
				GCC_NO_COMMON_BLOCKS = YES;
				GCC_WARN_64_TO_32_BIT_CONVERSION = YES;
				GCC_WARN_ABOUT_RETURN_TYPE = YES_ERROR;
				GCC_WARN_UNDECLARED_SELECTOR = YES;
				GCC_WARN_UNINITIALIZED_AUTOS = YES_AGGRESSIVE;
				GCC_WARN_UNUSED_FUNCTION = YES;
				GCC_WARN_UNUSED_VARIABLE = YES;
				IPHONEOS_DEPLOYMENT_TARGET = 9.0;
				MTL_ENABLE_DEBUG_INFO = NO;
				SDKROOT = iphoneos;
				VALIDATE_PRODUCT = YES;
			};
			name = Release;
		};
		5B2EDEE81D922CC500834128 /* Debug */ = {
			isa = XCBuildConfiguration;
			buildSettings = {
				ASSETCATALOG_COMPILER_APPICON_NAME = AppIcon;
				INFOPLIST_FILE = PowerTodo/Info.plist;
				LD_RUNPATH_SEARCH_PATHS = "$(inherited) @executable_path/Frameworks";
				PRODUCT_BUNDLE_IDENTIFIER = ysg.PowerTodo;
				PRODUCT_NAME = "$(TARGET_NAME)";
			};
			name = Debug;
		};
		5B2EDEE91D922CC500834128 /* Release */ = {
			isa = XCBuildConfiguration;
			buildSettings = {
				ASSETCATALOG_COMPILER_APPICON_NAME = AppIcon;
				INFOPLIST_FILE = PowerTodo/Info.plist;
				LD_RUNPATH_SEARCH_PATHS = "$(inherited) @executable_path/Frameworks";
				PRODUCT_BUNDLE_IDENTIFIER = ysg.PowerTodo;
				PRODUCT_NAME = "$(TARGET_NAME)";
			};
			name = Release;
		};
		5B2EDEEB1D922CC500834128 /* Debug */ = {
			isa = XCBuildConfiguration;
			buildSettings = {
				BUNDLE_LOADER = "$(TEST_HOST)";
				INFOPLIST_FILE = PowerTodoTests/Info.plist;
				LD_RUNPATH_SEARCH_PATHS = "$(inherited) @executable_path/Frameworks @loader_path/Frameworks";
				PRODUCT_BUNDLE_IDENTIFIER = ysg.PowerTodoTests;
				PRODUCT_NAME = "$(TARGET_NAME)";
				TEST_HOST = "$(BUILT_PRODUCTS_DIR)/PowerTodo.app/PowerTodo";
			};
			name = Debug;
		};
		5B2EDEEC1D922CC500834128 /* Release */ = {
			isa = XCBuildConfiguration;
			buildSettings = {
				BUNDLE_LOADER = "$(TEST_HOST)";
				INFOPLIST_FILE = PowerTodoTests/Info.plist;
				LD_RUNPATH_SEARCH_PATHS = "$(inherited) @executable_path/Frameworks @loader_path/Frameworks";
				PRODUCT_BUNDLE_IDENTIFIER = ysg.PowerTodoTests;
				PRODUCT_NAME = "$(TARGET_NAME)";
				TEST_HOST = "$(BUILT_PRODUCTS_DIR)/PowerTodo.app/PowerTodo";
			};
			name = Release;
		};
/* End XCBuildConfiguration section */

/* Begin XCConfigurationList section */
		5B2EDEC21D922CC400834128 /* Build configuration list for PBXProject "PowerTodo" */ = {
			isa = XCConfigurationList;
			buildConfigurations = (
				5B2EDEE51D922CC500834128 /* Debug */,
				5B2EDEE61D922CC500834128 /* Release */,
			);
			defaultConfigurationIsVisible = 0;
			defaultConfigurationName = Release;
		};
		5B2EDEE71D922CC500834128 /* Build configuration list for PBXNativeTarget "PowerTodo" */ = {
			isa = XCConfigurationList;
			buildConfigurations = (
				5B2EDEE81D922CC500834128 /* Debug */,
				5B2EDEE91D922CC500834128 /* Release */,
			);
			defaultConfigurationIsVisible = 0;
		};
		5B2EDEEA1D922CC500834128 /* Build configuration list for PBXNativeTarget "PowerTodoTests" */ = {
			isa = XCConfigurationList;
			buildConfigurations = (
				5B2EDEEB1D922CC500834128 /* Debug */,
				5B2EDEEC1D922CC500834128 /* Release */,
			);
			defaultConfigurationIsVisible = 0;
		};
/* End XCConfigurationList section */

/* Begin XCVersionGroup section */
		5B2EDED11D922CC400834128 /* PowerTodo.xcdatamodeld */ = {
			isa = XCVersionGroup;
			children = (
				5B2EDED21D922CC400834128 /* PowerTodo.xcdatamodel */,
			);
			currentVersion = 5B2EDED21D922CC400834128 /* PowerTodo.xcdatamodel */;
			path = PowerTodo.xcdatamodeld;
			sourceTree = "<group>";
			versionGroupType = wrapper.xcdatamodel;
		};
/* End XCVersionGroup section */
	};
	rootObject = 5B2EDEBF1D922CC400834128 /* Project object */;
}
